
Microsoft Visual Studio Solution File, Format Version 12.00
# Visual Studio 15
VisualStudioVersion = 15.0.28010.2003
MinimumVisualStudioVersion = 10.0.40219.1
Project("{FAE04EC0-301F-11D3-BF4B-00C04F79EFBC}") = "ServerBackupUtility", "ServerBackupUtility\ServerBackupUtility.csproj", "{2614C9F4-A15E-42DB-82CA-58077705BAD6}"
EndProject
Project("{2150E333-8FDC-42A3-9474-1A3956D46DE8}") = "Resources", "Resources", "{6FD73538-C0AE-4DB9-B37D-1413030319C6}"
	ProjectSection(SolutionItems) = preProject
		Resources\green.bmp = Resources\green.bmp
		Resources\License.rtf = Resources\License.rtf
		Resources\Readme.txt = Resources\Readme.txt
		Resources\services.ico = Resources\services.ico
	EndProjectSection
EndProject
Project("{840C416C-B8F3-42BC-B0DD-F6BB14C9F8CB}") = "InstallerSetup", "InstallerSetup\InstallerSetup.aiproj", "{E0CFB42A-4485-4D57-98C8-BC45A76D0196}"
EndProject
Global
	GlobalSection(SolutionConfigurationPlatforms) = preSolution
		All|Any CPU = All|Any CPU
		All|ARM = All|ARM
		All|x64 = All|x64
		All|x86 = All|x86
		Debug|Any CPU = Debug|Any CPU
		Debug|ARM = Debug|ARM
		Debug|x64 = Debug|x64
		Debug|x86 = Debug|x86
		Release|Any CPU = Release|Any CPU
		Release|ARM = Release|ARM
		Release|x64 = Release|x64
		Release|x86 = Release|x86
	EndGlobalSection
	GlobalSection(ProjectConfigurationPlatforms) = postSolution
		{2614C9F4-A15E-42DB-82CA-58077705BAD6}.All|Any CPU.ActiveCfg = Release|Any CPU
		{2614C9F4-A15E-42DB-82CA-58077705BAD6}.All|Any CPU.Build.0 = Release|Any CPU
		{2614C9F4-A15E-42DB-82CA-58077705BAD6}.All|ARM.ActiveCfg = Release|Any CPU
		{2614C9F4-A15E-42DB-82CA-58077705BAD6}.All|ARM.Build.0 = Release|Any CPU
		{2614C9F4-A15E-42DB-82CA-58077705BAD6}.All|x64.ActiveCfg = Release|x64
		{2614C9F4-A15E-42DB-82CA-58077705BAD6}.All|x64.Build.0 = Release|x64
		{2614C9F4-A15E-42DB-82CA-58077705BAD6}.All|x86.ActiveCfg = Release|x86
		{2614C9F4-A15E-42DB-82CA-58077705BAD6}.All|x86.Build.0 = Release|x86
		{2614C9F4-A15E-42DB-82CA-58077705BAD6}.Debug|Any CPU.ActiveCfg = Debug|Any CPU
		{2614C9F4-A15E-42DB-82CA-58077705BAD6}.Debug|Any CPU.Build.0 = Debug|Any CPU
		{2614C9F4-A15E-42DB-82CA-58077705BAD6}.Debug|ARM.ActiveCfg = Debug|Any CPU
		{2614C9F4-A15E-42DB-82CA-58077705BAD6}.Debug|ARM.Build.0 = Debug|Any CPU
		{2614C9F4-A15E-42DB-82CA-58077705BAD6}.Debug|x64.ActiveCfg = Debug|x64
		{2614C9F4-A15E-42DB-82CA-58077705BAD6}.Debug|x64.Build.0 = Debug|x64
		{2614C9F4-A15E-42DB-82CA-58077705BAD6}.Debug|x86.ActiveCfg = Debug|Any CPU
		{2614C9F4-A15E-42DB-82CA-58077705BAD6}.Debug|x86.Build.0 = Debug|Any CPU
		{2614C9F4-A15E-42DB-82CA-58077705BAD6}.Release|Any CPU.ActiveCfg = Release|Any CPU
		{2614C9F4-A15E-42DB-82CA-58077705BAD6}.Release|Any CPU.Build.0 = Release|Any CPU
		{2614C9F4-A15E-42DB-82CA-58077705BAD6}.Release|ARM.ActiveCfg = Release|Any CPU
		{2614C9F4-A15E-42DB-82CA-58077705BAD6}.Release|ARM.Build.0 = Release|Any CPU
		{2614C9F4-A15E-42DB-82CA-58077705BAD6}.Release|x64.ActiveCfg = Release|x64
		{2614C9F4-A15E-42DB-82CA-58077705BAD6}.Release|x64.Build.0 = Release|x64
		{2614C9F4-A15E-42DB-82CA-58077705BAD6}.Release|x86.ActiveCfg = Release|Any CPU
		{2614C9F4-A15E-42DB-82CA-58077705BAD6}.Release|x86.Build.0 = Release|Any CPU
		{E0CFB42A-4485-4D57-98C8-BC45A76D0196}.All|Any CPU.ActiveCfg = DefaultBuild
		{E0CFB42A-4485-4D57-98C8-BC45A76D0196}.All|Any CPU.Build.0 = DefaultBuild
		{E0CFB42A-4485-4D57-98C8-BC45A76D0196}.All|ARM.ActiveCfg = DefaultBuild
		{E0CFB42A-4485-4D57-98C8-BC45A76D0196}.All|ARM.Build.0 = DefaultBuild
		{E0CFB42A-4485-4D57-98C8-BC45A76D0196}.All|x64.ActiveCfg = DefaultBuild
		{E0CFB42A-4485-4D57-98C8-BC45A76D0196}.All|x86.ActiveCfg = DefaultBuild
		{E0CFB42A-4485-4D57-98C8-BC45A76D0196}.All|x86.Build.0 = DefaultBuild
		{E0CFB42A-4485-4D57-98C8-BC45A76D0196}.Debug|Any CPU.ActiveCfg = DefaultBuild
		{E0CFB42A-4485-4D57-98C8-BC45A76D0196}.Debug|Any CPU.Build.0 = DefaultBuild
		{E0CFB42A-4485-4D57-98C8-BC45A76D0196}.Debug|ARM.ActiveCfg = DefaultBuild
		{E0CFB42A-4485-4D57-98C8-BC45A76D0196}.Debug|ARM.Build.0 = DefaultBuild
		{E0CFB42A-4485-4D57-98C8-BC45A76D0196}.Debug|x64.ActiveCfg = DefaultBuild
		{E0CFB42A-4485-4D57-98C8-BC45A76D0196}.Debug|x86.ActiveCfg = DefaultBuild
		{E0CFB42A-4485-4D57-98C8-BC45A76D0196}.Debug|x86.Build.0 = DefaultBuild
		{E0CFB42A-4485-4D57-98C8-BC45A76D0196}.Release|Any CPU.ActiveCfg = DefaultBuild
		{E0CFB42A-4485-4D57-98C8-BC45A76D0196}.Release|Any CPU.Build.0 = DefaultBuild
		{E0CFB42A-4485-4D57-98C8-BC45A76D0196}.Release|ARM.ActiveCfg = DefaultBuild
		{E0CFB42A-4485-4D57-98C8-BC45A76D0196}.Release|ARM.Build.0 = DefaultBuild
		{E0CFB42A-4485-4D57-98C8-BC45A76D0196}.Release|x64.ActiveCfg = DefaultBuild
		{E0CFB42A-4485-4D57-98C8-BC45A76D0196}.Release|x64.Build.0 = DefaultBuild
		{E0CFB42A-4485-4D57-98C8-BC45A76D0196}.Release|x86.ActiveCfg = DefaultBuild
		{E0CFB42A-4485-4D57-98C8-BC45A76D0196}.Release|x86.Build.0 = DefaultBuild
	EndGlobalSection
	GlobalSection(SolutionProperties) = preSolution
		HideSolutionNode = FALSE
	EndGlobalSection
	GlobalSection(ExtensibilityGlobals) = postSolution
		SolutionGuid = {62DA0E3E-660D-4D35-9675-95D2A1BED9FD}
	EndGlobalSection
EndGlobal
